
Microsoft Visual Studio Solution File, Format Version 12.00
# Visual Studio Version 17
VisualStudioVersion = 17.12.35707.178
MinimumVisualStudioVersion = 10.0.40219.1
Project("{FAE04EC0-301F-11D3-BF4B-00C04F79EFBC}") = "CDL2v1", "CDL2v1\CDL2v1.csproj", "{57721267-008D-4DEA-8F17-5606C920D45B}"
EndProject
Project("{FAE04EC0-301F-11D3-BF4B-00C04F79EFBC}") = "CDL2v1.Tests", "CDL2v1.Tests\CDL2v1.Tests.csproj", "{75434F6E-1F96-4212-A933-8A7D305553D6}"
EndProject
Project("{2150E333-8FDC-42A3-9474-1A3956D46DE8}") = "Solution Items", "Solution Items", "{8EC462FD-D22E-90A8-E5CE-7E832BA40C5D}"
	ProjectSection(SolutionItems) = preProject
		test.runsettings = test.runsettings
	EndProjectSection
EndProject
Global
	GlobalSection(SolutionConfigurationPlatforms) = preSolution
		Debug|Any CPU = Debug|Any CPU
		Release|Any CPU = Release|Any CPU
	EndGlobalSection
	GlobalSection(ProjectConfigurationPlatforms) = postSolution
		{57721267-008D-4DEA-8F17-5606C920D45B}.Debug|Any CPU.ActiveCfg = Debug|Any CPU
		{57721267-008D-4DEA-8F17-5606C920D45B}.Debug|Any CPU.Build.0 = Debug|Any CPU
		{57721267-008D-4DEA-8F17-5606C920D45B}.Release|Any CPU.ActiveCfg = Release|Any CPU
		{57721267-008D-4DEA-8F17-5606C920D45B}.Release|Any CPU.Build.0 = Release|Any CPU
		{75434F6E-1F96-4212-A933-8A7D305553D6}.Debug|Any CPU.ActiveCfg = Debug|Any CPU
		{75434F6E-1F96-4212-A933-8A7D305553D6}.Debug|Any CPU.Build.0 = Debug|Any CPU
		{75434F6E-1F96-4212-A933-8A7D305553D6}.Release|Any CPU.ActiveCfg = Release|Any CPU
		{75434F6E-1F96-4212-A933-8A7D305553D6}.Release|Any CPU.Build.0 = Release|Any CPU
	EndGlobalSection
	GlobalSection(SolutionProperties) = preSolution
		HideSolutionNode = FALSE
	EndGlobalSection
	GlobalSection(ExtensibilityGlobals) = postSolution
		SolutionGuid = {0DF06C72-2C15-46E8-822F-6029AFA21B03}
	EndGlobalSection
EndGlobal
